// !$*UTF8*$!
{
	archiveVersion = 1;
	classes = {
	};
	objectVersion = 55;
	objects = {

/* Begin PBXBuildFile section */
		11E3AE1F28E3B33E00A59CC3 /* UIView+Extensions.swift in Sources */ = {isa = PBXBuildFile; fileRef = 11E3AE1D28E3B33E00A59CC3 /* UIView+Extensions.swift */; };
		11E3AE2028E3B33E00A59CC3 /* UICollection+Extensions.swift in Sources */ = {isa = PBXBuildFile; fileRef = 11E3AE1E28E3B33E00A59CC3 /* UICollection+Extensions.swift */; };
		11E3AE2328E3B34800A59CC3 /* WebviewCollectionViewCell.swift in Sources */ = {isa = PBXBuildFile; fileRef = 11E3AE2128E3B34800A59CC3 /* WebviewCollectionViewCell.swift */; };
		11E3AE2428E3B34800A59CC3 /* SearchCollectionViewCell.swift in Sources */ = {isa = PBXBuildFile; fileRef = 11E3AE2228E3B34800A59CC3 /* SearchCollectionViewCell.swift */; };
		11E3AE2628E3D36C00A59CC3 /* BrowserViewModel.swift in Sources */ = {isa = PBXBuildFile; fileRef = 11E3AE2528E3D36C00A59CC3 /* BrowserViewModel.swift */; };
		11E3AE2828E3D3DF00A59CC3 /* Browser.swift in Sources */ = {isa = PBXBuildFile; fileRef = 11E3AE2728E3D3DF00A59CC3 /* Browser.swift */; };
		11E3AE2B28E3E07400A59CC3 /* BrowserViewController.swift in Sources */ = {isa = PBXBuildFile; fileRef = 11E3AE2928E3E07400A59CC3 /* BrowserViewController.swift */; };
		11E3AE2C28E3E07400A59CC3 /* BrowserViewController.xib in Resources */ = {isa = PBXBuildFile; fileRef = 11E3AE2A28E3E07400A59CC3 /* BrowserViewController.xib */; };
		11E3AE3528E4C8D900A59CC3 /* StorageManager.swift in Sources */ = {isa = PBXBuildFile; fileRef = 11E3AE3428E4C8D900A59CC3 /* StorageManager.swift */; };
		11F3B9F128E2B30C00799372 /* AppDelegate.swift in Sources */ = {isa = PBXBuildFile; fileRef = 11F3B9F028E2B30C00799372 /* AppDelegate.swift */; };
		11F3B9F328E2B30C00799372 /* SceneDelegate.swift in Sources */ = {isa = PBXBuildFile; fileRef = 11F3B9F228E2B30C00799372 /* SceneDelegate.swift */; };
		11F3B9FA28E2B31000799372 /* Assets.xcassets in Resources */ = {isa = PBXBuildFile; fileRef = 11F3B9F928E2B31000799372 /* Assets.xcassets */; };
		11F3B9FD28E2B31000799372 /* LaunchScreen.storyboard in Resources */ = {isa = PBXBuildFile; fileRef = 11F3B9FB28E2B31000799372 /* LaunchScreen.storyboard */; };
		11F3BA0828E2B31100799372 /* BrowserTests.swift in Sources */ = {isa = PBXBuildFile; fileRef = 11F3BA0728E2B31100799372 /* BrowserTests.swift */; };
		11F3BA1228E2B31100799372 /* BrowserUITests.swift in Sources */ = {isa = PBXBuildFile; fileRef = 11F3BA1128E2B31100799372 /* BrowserUITests.swift */; };
		11F3BA1428E2B31100799372 /* BrowserUITestsLaunchTests.swift in Sources */ = {isa = PBXBuildFile; fileRef = 11F3BA1328E2B31100799372 /* BrowserUITestsLaunchTests.swift */; };
		7B5E028CD5BE4B50627ACA3F /* Pods_Browser.framework in Frameworks */ = {isa = PBXBuildFile; fileRef = 68C15B3C8FF28137B4F9632A /* Pods_Browser.framework */; };
		AA6A7BE783A7E75D676F42E9 /* Pods_BrowserTests.framework in Frameworks */ = {isa = PBXBuildFile; fileRef = 51B9ADD6CBB1BCF48D0F1665 /* Pods_BrowserTests.framework */; };
		FA6C4DE151AC4CC93B39EDC2 /* Pods_Browser_BrowserUITests.framework in Frameworks */ = {isa = PBXBuildFile; fileRef = DE4123D5570CA4120C230F16 /* Pods_Browser_BrowserUITests.framework */; };
/* End PBXBuildFile section */

/* Begin PBXContainerItemProxy section */
		11F3BA0428E2B31000799372 /* PBXContainerItemProxy */ = {
			isa = PBXContainerItemProxy;
			containerPortal = 11F3B9E528E2B30C00799372 /* Project object */;
			proxyType = 1;
			remoteGlobalIDString = 11F3B9EC28E2B30C00799372;
			remoteInfo = Browser;
		};
		11F3BA0E28E2B31100799372 /* PBXContainerItemProxy */ = {
			isa = PBXContainerItemProxy;
			containerPortal = 11F3B9E528E2B30C00799372 /* Project object */;
			proxyType = 1;
			remoteGlobalIDString = 11F3B9EC28E2B30C00799372;
			remoteInfo = Browser;
		};
/* End PBXContainerItemProxy section */

/* Begin PBXFileReference section */
		018792A5A70C3A9D04C03615 /* Pods-Browser-BrowserUITests.debug.xcconfig */ = {isa = PBXFileReference; includeInIndex = 1; lastKnownFileType = text.xcconfig; name = "Pods-Browser-BrowserUITests.debug.xcconfig"; path = "Target Support Files/Pods-Browser-BrowserUITests/Pods-Browser-BrowserUITests.debug.xcconfig"; sourceTree = "<group>"; };
		11E3AE1D28E3B33E00A59CC3 /* UIView+Extensions.swift */ = {isa = PBXFileReference; fileEncoding = 4; lastKnownFileType = sourcecode.swift; path = "UIView+Extensions.swift"; sourceTree = "<group>"; };
		11E3AE1E28E3B33E00A59CC3 /* UICollection+Extensions.swift */ = {isa = PBXFileReference; fileEncoding = 4; lastKnownFileType = sourcecode.swift; path = "UICollection+Extensions.swift"; sourceTree = "<group>"; };
		11E3AE2128E3B34800A59CC3 /* WebviewCollectionViewCell.swift */ = {isa = PBXFileReference; fileEncoding = 4; lastKnownFileType = sourcecode.swift; path = WebviewCollectionViewCell.swift; sourceTree = "<group>"; };
		11E3AE2228E3B34800A59CC3 /* SearchCollectionViewCell.swift */ = {isa = PBXFileReference; fileEncoding = 4; lastKnownFileType = sourcecode.swift; path = SearchCollectionViewCell.swift; sourceTree = "<group>"; };
		11E3AE2528E3D36C00A59CC3 /* BrowserViewModel.swift */ = {isa = PBXFileReference; lastKnownFileType = sourcecode.swift; path = BrowserViewModel.swift; sourceTree = "<group>"; };
		11E3AE2728E3D3DF00A59CC3 /* Browser.swift */ = {isa = PBXFileReference; lastKnownFileType = sourcecode.swift; path = Browser.swift; sourceTree = "<group>"; };
		11E3AE2928E3E07400A59CC3 /* BrowserViewController.swift */ = {isa = PBXFileReference; lastKnownFileType = sourcecode.swift; path = BrowserViewController.swift; sourceTree = "<group>"; };
		11E3AE2A28E3E07400A59CC3 /* BrowserViewController.xib */ = {isa = PBXFileReference; lastKnownFileType = file.xib; path = BrowserViewController.xib; sourceTree = "<group>"; };
		11E3AE3428E4C8D900A59CC3 /* StorageManager.swift */ = {isa = PBXFileReference; lastKnownFileType = sourcecode.swift; path = StorageManager.swift; sourceTree = "<group>"; };
		11F3B9ED28E2B30C00799372 /* Browser.app */ = {isa = PBXFileReference; explicitFileType = wrapper.application; includeInIndex = 0; path = Browser.app; sourceTree = BUILT_PRODUCTS_DIR; };
		11F3B9F028E2B30C00799372 /* AppDelegate.swift */ = {isa = PBXFileReference; lastKnownFileType = sourcecode.swift; path = AppDelegate.swift; sourceTree = "<group>"; };
		11F3B9F228E2B30C00799372 /* SceneDelegate.swift */ = {isa = PBXFileReference; lastKnownFileType = sourcecode.swift; path = SceneDelegate.swift; sourceTree = "<group>"; };
		11F3B9F928E2B31000799372 /* Assets.xcassets */ = {isa = PBXFileReference; lastKnownFileType = folder.assetcatalog; path = Assets.xcassets; sourceTree = "<group>"; };
		11F3B9FC28E2B31000799372 /* Base */ = {isa = PBXFileReference; lastKnownFileType = file.storyboard; name = Base; path = Base.lproj/LaunchScreen.storyboard; sourceTree = "<group>"; };
		11F3B9FE28E2B31000799372 /* Info.plist */ = {isa = PBXFileReference; lastKnownFileType = text.plist.xml; path = Info.plist; sourceTree = "<group>"; };
		11F3BA0328E2B31000799372 /* BrowserTests.xctest */ = {isa = PBXFileReference; explicitFileType = wrapper.cfbundle; includeInIndex = 0; path = BrowserTests.xctest; sourceTree = BUILT_PRODUCTS_DIR; };
		11F3BA0728E2B31100799372 /* BrowserTests.swift */ = {isa = PBXFileReference; lastKnownFileType = sourcecode.swift; path = BrowserTests.swift; sourceTree = "<group>"; };
		11F3BA0D28E2B31100799372 /* BrowserUITests.xctest */ = {isa = PBXFileReference; explicitFileType = wrapper.cfbundle; includeInIndex = 0; path = BrowserUITests.xctest; sourceTree = BUILT_PRODUCTS_DIR; };
		11F3BA1128E2B31100799372 /* BrowserUITests.swift */ = {isa = PBXFileReference; lastKnownFileType = sourcecode.swift; path = BrowserUITests.swift; sourceTree = "<group>"; };
		11F3BA1328E2B31100799372 /* BrowserUITestsLaunchTests.swift */ = {isa = PBXFileReference; lastKnownFileType = sourcecode.swift; path = BrowserUITestsLaunchTests.swift; sourceTree = "<group>"; };
		1A91C7E5F9ED8F3679E6E5E3 /* Pods-Browser.release.xcconfig */ = {isa = PBXFileReference; includeInIndex = 1; lastKnownFileType = text.xcconfig; name = "Pods-Browser.release.xcconfig"; path = "Target Support Files/Pods-Browser/Pods-Browser.release.xcconfig"; sourceTree = "<group>"; };
		51B9ADD6CBB1BCF48D0F1665 /* Pods_BrowserTests.framework */ = {isa = PBXFileReference; explicitFileType = wrapper.framework; includeInIndex = 0; path = Pods_BrowserTests.framework; sourceTree = BUILT_PRODUCTS_DIR; };
		6070F6313FD9927EA8903DBA /* Pods-Browser-BrowserUITests.release.xcconfig */ = {isa = PBXFileReference; includeInIndex = 1; lastKnownFileType = text.xcconfig; name = "Pods-Browser-BrowserUITests.release.xcconfig"; path = "Target Support Files/Pods-Browser-BrowserUITests/Pods-Browser-BrowserUITests.release.xcconfig"; sourceTree = "<group>"; };
		68C15B3C8FF28137B4F9632A /* Pods_Browser.framework */ = {isa = PBXFileReference; explicitFileType = wrapper.framework; includeInIndex = 0; path = Pods_Browser.framework; sourceTree = BUILT_PRODUCTS_DIR; };
		7582A6A047652A71746B06C0 /* Pods-Browser.debug.xcconfig */ = {isa = PBXFileReference; includeInIndex = 1; lastKnownFileType = text.xcconfig; name = "Pods-Browser.debug.xcconfig"; path = "Target Support Files/Pods-Browser/Pods-Browser.debug.xcconfig"; sourceTree = "<group>"; };
		CC461A2FD48E6684A741384E /* Pods-BrowserTests.release.xcconfig */ = {isa = PBXFileReference; includeInIndex = 1; lastKnownFileType = text.xcconfig; name = "Pods-BrowserTests.release.xcconfig"; path = "Target Support Files/Pods-BrowserTests/Pods-BrowserTests.release.xcconfig"; sourceTree = "<group>"; };
		DE4123D5570CA4120C230F16 /* Pods_Browser_BrowserUITests.framework */ = {isa = PBXFileReference; explicitFileType = wrapper.framework; includeInIndex = 0; path = Pods_Browser_BrowserUITests.framework; sourceTree = BUILT_PRODUCTS_DIR; };
		F0A2EF7F6D43186CB286FA63 /* Pods-BrowserTests.debug.xcconfig */ = {isa = PBXFileReference; includeInIndex = 1; lastKnownFileType = text.xcconfig; name = "Pods-BrowserTests.debug.xcconfig"; path = "Target Support Files/Pods-BrowserTests/Pods-BrowserTests.debug.xcconfig"; sourceTree = "<group>"; };
/* End PBXFileReference section */

/* Begin PBXFrameworksBuildPhase section */
		11F3B9EA28E2B30C00799372 /* Frameworks */ = {
			isa = PBXFrameworksBuildPhase;
			buildActionMask = 2147483647;
			files = (
				7B5E028CD5BE4B50627ACA3F /* Pods_Browser.framework in Frameworks */,
			);
			runOnlyForDeploymentPostprocessing = 0;
		};
		11F3BA0028E2B31000799372 /* Frameworks */ = {
			isa = PBXFrameworksBuildPhase;
			buildActionMask = 2147483647;
			files = (
				AA6A7BE783A7E75D676F42E9 /* Pods_BrowserTests.framework in Frameworks */,
			);
			runOnlyForDeploymentPostprocessing = 0;
		};
		11F3BA0A28E2B31100799372 /* Frameworks */ = {
			isa = PBXFrameworksBuildPhase;
			buildActionMask = 2147483647;
			files = (
				FA6C4DE151AC4CC93B39EDC2 /* Pods_Browser_BrowserUITests.framework in Frameworks */,
			);
			runOnlyForDeploymentPostprocessing = 0;
		};
/* End PBXFrameworksBuildPhase section */

/* Begin PBXGroup section */
		11E3AE2D28E3E56C00A59CC3 /* ViewController */ = {
			isa = PBXGroup;
			children = (
				11E3AE2928E3E07400A59CC3 /* BrowserViewController.swift */,
				11E3AE2A28E3E07400A59CC3 /* BrowserViewController.xib */,
			);
			path = ViewController;
			sourceTree = "<group>";
		};
		11E3AE2E28E3E58000A59CC3 /* BrowserView */ = {
			isa = PBXGroup;
			children = (
				11E3AE3328E4C75700A59CC3 /* Storage */,
				11E3AE2F28E3E59400A59CC3 /* Cells */,
				11E3AE2728E3D3DF00A59CC3 /* Browser.swift */,
				11E3AE2528E3D36C00A59CC3 /* BrowserViewModel.swift */,
				11E3AE2D28E3E56C00A59CC3 /* ViewController */,
			);
			path = BrowserView;
			sourceTree = "<group>";
		};
		11E3AE2F28E3E59400A59CC3 /* Cells */ = {
			isa = PBXGroup;
			children = (
				11E3AE2228E3B34800A59CC3 /* SearchCollectionViewCell.swift */,
				11E3AE2128E3B34800A59CC3 /* WebviewCollectionViewCell.swift */,
			);
			path = Cells;
			sourceTree = "<group>";
		};
		11E3AE3028E3E59F00A59CC3 /* Extensions */ = {
			isa = PBXGroup;
			children = (
				11E3AE1E28E3B33E00A59CC3 /* UICollection+Extensions.swift */,
				11E3AE1D28E3B33E00A59CC3 /* UIView+Extensions.swift */,
			);
			path = Extensions;
			sourceTree = "<group>";
		};
		11E3AE3328E4C75700A59CC3 /* Storage */ = {
			isa = PBXGroup;
			children = (
				11E3AE3428E4C8D900A59CC3 /* StorageManager.swift */,
			);
			path = Storage;
			sourceTree = "<group>";
		};
		11F3B9E428E2B30C00799372 = {
			isa = PBXGroup;
			children = (
				11F3B9EF28E2B30C00799372 /* Browser */,
				11F3BA0628E2B31100799372 /* BrowserTests */,
				11F3BA1028E2B31100799372 /* BrowserUITests */,
				11F3B9EE28E2B30C00799372 /* Products */,
				90E0014C05190271CAC62EA4 /* Pods */,
				B23F45BC43620131352BFDF5 /* Frameworks */,
			);
			sourceTree = "<group>";
		};
		11F3B9EE28E2B30C00799372 /* Products */ = {
			isa = PBXGroup;
			children = (
				11F3B9ED28E2B30C00799372 /* Browser.app */,
				11F3BA0328E2B31000799372 /* BrowserTests.xctest */,
				11F3BA0D28E2B31100799372 /* BrowserUITests.xctest */,
			);
			name = Products;
			sourceTree = "<group>";
		};
		11F3B9EF28E2B30C00799372 /* Browser */ = {
			isa = PBXGroup;
			children = (
				11F3B9FB28E2B31000799372 /* LaunchScreen.storyboard */,
				11F3B9F028E2B30C00799372 /* AppDelegate.swift */,
				11F3B9F228E2B30C00799372 /* SceneDelegate.swift */,
				11E3AE3028E3E59F00A59CC3 /* Extensions */,
				11E3AE2E28E3E58000A59CC3 /* BrowserView */,
				11F3B9F928E2B31000799372 /* Assets.xcassets */,
				11F3B9FE28E2B31000799372 /* Info.plist */,
			);
			path = Browser;
			sourceTree = "<group>";
		};
		11F3BA0628E2B31100799372 /* BrowserTests */ = {
			isa = PBXGroup;
			children = (
				11F3BA0728E2B31100799372 /* BrowserTests.swift */,
			);
			path = BrowserTests;
			sourceTree = "<group>";
		};
		11F3BA1028E2B31100799372 /* BrowserUITests */ = {
			isa = PBXGroup;
			children = (
				11F3BA1128E2B31100799372 /* BrowserUITests.swift */,
				11F3BA1328E2B31100799372 /* BrowserUITestsLaunchTests.swift */,
			);
			path = BrowserUITests;
			sourceTree = "<group>";
		};
		90E0014C05190271CAC62EA4 /* Pods */ = {
			isa = PBXGroup;
			children = (
				7582A6A047652A71746B06C0 /* Pods-Browser.debug.xcconfig */,
				1A91C7E5F9ED8F3679E6E5E3 /* Pods-Browser.release.xcconfig */,
				018792A5A70C3A9D04C03615 /* Pods-Browser-BrowserUITests.debug.xcconfig */,
				6070F6313FD9927EA8903DBA /* Pods-Browser-BrowserUITests.release.xcconfig */,
				F0A2EF7F6D43186CB286FA63 /* Pods-BrowserTests.debug.xcconfig */,
				CC461A2FD48E6684A741384E /* Pods-BrowserTests.release.xcconfig */,
			);
			path = Pods;
			sourceTree = "<group>";
		};
		B23F45BC43620131352BFDF5 /* Frameworks */ = {
			isa = PBXGroup;
			children = (
				68C15B3C8FF28137B4F9632A /* Pods_Browser.framework */,
				DE4123D5570CA4120C230F16 /* Pods_Browser_BrowserUITests.framework */,
				51B9ADD6CBB1BCF48D0F1665 /* Pods_BrowserTests.framework */,
			);
			name = Frameworks;
			sourceTree = "<group>";
		};
/* End PBXGroup section */

/* Begin PBXNativeTarget section */
		11F3B9EC28E2B30C00799372 /* Browser */ = {
			isa = PBXNativeTarget;
			buildConfigurationList = 11F3BA1728E2B31100799372 /* Build configuration list for PBXNativeTarget "Browser" */;
			buildPhases = (
				73F9269CFC991E31B5BC3ED2 /* [CP] Check Pods Manifest.lock */,
				11F3B9E928E2B30C00799372 /* Sources */,
				11F3B9EA28E2B30C00799372 /* Frameworks */,
				11F3B9EB28E2B30C00799372 /* Resources */,
				D21068E03C32AB6D263ADEDA /* [CP] Embed Pods Frameworks */,
			);
			buildRules = (
			);
			dependencies = (
			);
			name = Browser;
			productName = Browser;
			productReference = 11F3B9ED28E2B30C00799372 /* Browser.app */;
			productType = "com.apple.product-type.application";
		};
		11F3BA0228E2B31000799372 /* BrowserTests */ = {
			isa = PBXNativeTarget;
			buildConfigurationList = 11F3BA1A28E2B31100799372 /* Build configuration list for PBXNativeTarget "BrowserTests" */;
			buildPhases = (
				660D686488D2BC2F78959754 /* [CP] Check Pods Manifest.lock */,
				11F3B9FF28E2B31000799372 /* Sources */,
				11F3BA0028E2B31000799372 /* Frameworks */,
				11F3BA0128E2B31000799372 /* Resources */,
			);
			buildRules = (
			);
			dependencies = (
				11F3BA0528E2B31000799372 /* PBXTargetDependency */,
			);
			name = BrowserTests;
			productName = BrowserTests;
			productReference = 11F3BA0328E2B31000799372 /* BrowserTests.xctest */;
			productType = "com.apple.product-type.bundle.unit-test";
		};
		11F3BA0C28E2B31100799372 /* BrowserUITests */ = {
			isa = PBXNativeTarget;
			buildConfigurationList = 11F3BA1D28E2B31100799372 /* Build configuration list for PBXNativeTarget "BrowserUITests" */;
			buildPhases = (
				6619EAF9D500D4A26002375B /* [CP] Check Pods Manifest.lock */,
				11F3BA0928E2B31100799372 /* Sources */,
				11F3BA0A28E2B31100799372 /* Frameworks */,
				11F3BA0B28E2B31100799372 /* Resources */,
				8F3DFD64666D3A89E81CC0E7 /* [CP] Embed Pods Frameworks */,
			);
			buildRules = (
			);
			dependencies = (
				11F3BA0F28E2B31100799372 /* PBXTargetDependency */,
			);
			name = BrowserUITests;
			productName = BrowserUITests;
			productReference = 11F3BA0D28E2B31100799372 /* BrowserUITests.xctest */;
			productType = "com.apple.product-type.bundle.ui-testing";
		};
/* End PBXNativeTarget section */

/* Begin PBXProject section */
		11F3B9E528E2B30C00799372 /* Project object */ = {
			isa = PBXProject;
			attributes = {
				BuildIndependentTargetsInParallel = 1;
				LastSwiftUpdateCheck = 1340;
				LastUpgradeCheck = 1340;
				TargetAttributes = {
					11F3B9EC28E2B30C00799372 = {
						CreatedOnToolsVersion = 13.4.1;
					};
					11F3BA0228E2B31000799372 = {
						CreatedOnToolsVersion = 13.4.1;
						TestTargetID = 11F3B9EC28E2B30C00799372;
					};
					11F3BA0C28E2B31100799372 = {
						CreatedOnToolsVersion = 13.4.1;
						TestTargetID = 11F3B9EC28E2B30C00799372;
					};
				};
			};
			buildConfigurationList = 11F3B9E828E2B30C00799372 /* Build configuration list for PBXProject "Browser" */;
			compatibilityVersion = "Xcode 13.0";
			developmentRegion = en;
			hasScannedForEncodings = 0;
			knownRegions = (
				en,
				Base,
			);
			mainGroup = 11F3B9E428E2B30C00799372;
			productRefGroup = 11F3B9EE28E2B30C00799372 /* Products */;
			projectDirPath = "";
			projectRoot = "";
			targets = (
				11F3B9EC28E2B30C00799372 /* Browser */,
				11F3BA0228E2B31000799372 /* BrowserTests */,
				11F3BA0C28E2B31100799372 /* BrowserUITests */,
			);
		};
/* End PBXProject section */

/* Begin PBXResourcesBuildPhase section */
		11F3B9EB28E2B30C00799372 /* Resources */ = {
			isa = PBXResourcesBuildPhase;
			buildActionMask = 2147483647;
			files = (
				11F3B9FD28E2B31000799372 /* LaunchScreen.storyboard in Resources */,
				11E3AE2C28E3E07400A59CC3 /* BrowserViewController.xib in Resources */,
				11F3B9FA28E2B31000799372 /* Assets.xcassets in Resources */,
			);
			runOnlyForDeploymentPostprocessing = 0;
		};
		11F3BA0128E2B31000799372 /* Resources */ = {
			isa = PBXResourcesBuildPhase;
			buildActionMask = 2147483647;
			files = (
			);
			runOnlyForDeploymentPostprocessing = 0;
		};
		11F3BA0B28E2B31100799372 /* Resources */ = {
			isa = PBXResourcesBuildPhase;
			buildActionMask = 2147483647;
			files = (
			);
			runOnlyForDeploymentPostprocessing = 0;
		};
/* End PBXResourcesBuildPhase section */

/* Begin PBXShellScriptBuildPhase section */
		660D686488D2BC2F78959754 /* [CP] Check Pods Manifest.lock */ = {
			isa = PBXShellScriptBuildPhase;
			buildActionMask = 2147483647;
			files = (
			);
			inputFileListPaths = (
			);
			inputPaths = (
				"${PODS_PODFILE_DIR_PATH}/Podfile.lock",
				"${PODS_ROOT}/Manifest.lock",
			);
			name = "[CP] Check Pods Manifest.lock";
			outputFileListPaths = (
			);
			outputPaths = (
				"$(DERIVED_FILE_DIR)/Pods-BrowserTests-checkManifestLockResult.txt",
			);
			runOnlyForDeploymentPostprocessing = 0;
			shellPath = /bin/sh;
			shellScript = "diff \"${PODS_PODFILE_DIR_PATH}/Podfile.lock\" \"${PODS_ROOT}/Manifest.lock\" > /dev/null\nif [ $? != 0 ] ; then\n    # print error to STDERR\n    echo \"error: The sandbox is not in sync with the Podfile.lock. Run 'pod install' or update your CocoaPods installation.\" >&2\n    exit 1\nfi\n# This output is used by Xcode 'outputs' to avoid re-running this script phase.\necho \"SUCCESS\" > \"${SCRIPT_OUTPUT_FILE_0}\"\n";
			showEnvVarsInLog = 0;
		};
		6619EAF9D500D4A26002375B /* [CP] Check Pods Manifest.lock */ = {
			isa = PBXShellScriptBuildPhase;
			buildActionMask = 2147483647;
			files = (
			);
			inputFileListPaths = (
			);
			inputPaths = (
				"${PODS_PODFILE_DIR_PATH}/Podfile.lock",
				"${PODS_ROOT}/Manifest.lock",
			);
			name = "[CP] Check Pods Manifest.lock";
			outputFileListPaths = (
			);
			outputPaths = (
				"$(DERIVED_FILE_DIR)/Pods-Browser-BrowserUITests-checkManifestLockResult.txt",
			);
			runOnlyForDeploymentPostprocessing = 0;
			shellPath = /bin/sh;
			shellScript = "diff \"${PODS_PODFILE_DIR_PATH}/Podfile.lock\" \"${PODS_ROOT}/Manifest.lock\" > /dev/null\nif [ $? != 0 ] ; then\n    # print error to STDERR\n    echo \"error: The sandbox is not in sync with the Podfile.lock. Run 'pod install' or update your CocoaPods installation.\" >&2\n    exit 1\nfi\n# This output is used by Xcode 'outputs' to avoid re-running this script phase.\necho \"SUCCESS\" > \"${SCRIPT_OUTPUT_FILE_0}\"\n";
			showEnvVarsInLog = 0;
		};
		73F9269CFC991E31B5BC3ED2 /* [CP] Check Pods Manifest.lock */ = {
			isa = PBXShellScriptBuildPhase;
			buildActionMask = 2147483647;
			files = (
			);
			inputFileListPaths = (
			);
			inputPaths = (
				"${PODS_PODFILE_DIR_PATH}/Podfile.lock",
				"${PODS_ROOT}/Manifest.lock",
			);
			name = "[CP] Check Pods Manifest.lock";
			outputFileListPaths = (
			);
			outputPaths = (
				"$(DERIVED_FILE_DIR)/Pods-Browser-checkManifestLockResult.txt",
			);
			runOnlyForDeploymentPostprocessing = 0;
			shellPath = /bin/sh;
			shellScript = "diff \"${PODS_PODFILE_DIR_PATH}/Podfile.lock\" \"${PODS_ROOT}/Manifest.lock\" > /dev/null\nif [ $? != 0 ] ; then\n    # print error to STDERR\n    echo \"error: The sandbox is not in sync with the Podfile.lock. Run 'pod install' or update your CocoaPods installation.\" >&2\n    exit 1\nfi\n# This output is used by Xcode 'outputs' to avoid re-running this script phase.\necho \"SUCCESS\" > \"${SCRIPT_OUTPUT_FILE_0}\"\n";
			showEnvVarsInLog = 0;
		};
		8F3DFD64666D3A89E81CC0E7 /* [CP] Embed Pods Frameworks */ = {
			isa = PBXShellScriptBuildPhase;
			buildActionMask = 2147483647;
			files = (
			);
			inputFileListPaths = (
				"${PODS_ROOT}/Target Support Files/Pods-Browser-BrowserUITests/Pods-Browser-BrowserUITests-frameworks-${CONFIGURATION}-input-files.xcfilelist",
			);
			name = "[CP] Embed Pods Frameworks";
			outputFileListPaths = (
				"${PODS_ROOT}/Target Support Files/Pods-Browser-BrowserUITests/Pods-Browser-BrowserUITests-frameworks-${CONFIGURATION}-output-files.xcfilelist",
			);
			runOnlyForDeploymentPostprocessing = 0;
			shellPath = /bin/sh;
			shellScript = "\"${PODS_ROOT}/Target Support Files/Pods-Browser-BrowserUITests/Pods-Browser-BrowserUITests-frameworks.sh\"\n";
			showEnvVarsInLog = 0;
		};
		D21068E03C32AB6D263ADEDA /* [CP] Embed Pods Frameworks */ = {
			isa = PBXShellScriptBuildPhase;
			buildActionMask = 2147483647;
			files = (
			);
			inputFileListPaths = (
				"${PODS_ROOT}/Target Support Files/Pods-Browser/Pods-Browser-frameworks-${CONFIGURATION}-input-files.xcfilelist",
			);
			name = "[CP] Embed Pods Frameworks";
			outputFileListPaths = (
				"${PODS_ROOT}/Target Support Files/Pods-Browser/Pods-Browser-frameworks-${CONFIGURATION}-output-files.xcfilelist",
			);
			runOnlyForDeploymentPostprocessing = 0;
			shellPath = /bin/sh;
			shellScript = "\"${PODS_ROOT}/Target Support Files/Pods-Browser/Pods-Browser-frameworks.sh\"\n";
			showEnvVarsInLog = 0;
		};
/* End PBXShellScriptBuildPhase section */

/* Begin PBXSourcesBuildPhase section */
		11F3B9E928E2B30C00799372 /* Sources */ = {
			isa = PBXSourcesBuildPhase;
			buildActionMask = 2147483647;
			files = (
				11E3AE2628E3D36C00A59CC3 /* BrowserViewModel.swift in Sources */,
				11E3AE2828E3D3DF00A59CC3 /* Browser.swift in Sources */,
				11E3AE2028E3B33E00A59CC3 /* UICollection+Extensions.swift in Sources */,
				11E3AE2328E3B34800A59CC3 /* WebviewCollectionViewCell.swift in Sources */,
				11F3B9F128E2B30C00799372 /* AppDelegate.swift in Sources */,
				11E3AE1F28E3B33E00A59CC3 /* UIView+Extensions.swift in Sources */,
				11E3AE2B28E3E07400A59CC3 /* BrowserViewController.swift in Sources */,
				11E3AE3528E4C8D900A59CC3 /* StorageManager.swift in Sources */,
				11E3AE2428E3B34800A59CC3 /* SearchCollectionViewCell.swift in Sources */,
				11F3B9F328E2B30C00799372 /* SceneDelegate.swift in Sources */,
			);
			runOnlyForDeploymentPostprocessing = 0;
		};
		11F3B9FF28E2B31000799372 /* Sources */ = {
			isa = PBXSourcesBuildPhase;
			buildActionMask = 2147483647;
			files = (
				11F3BA0828E2B31100799372 /* BrowserTests.swift in Sources */,
			);
			runOnlyForDeploymentPostprocessing = 0;
		};
		11F3BA0928E2B31100799372 /* Sources */ = {
			isa = PBXSourcesBuildPhase;
			buildActionMask = 2147483647;
			files = (
				11F3BA1228E2B31100799372 /* BrowserUITests.swift in Sources */,
				11F3BA1428E2B31100799372 /* BrowserUITestsLaunchTests.swift in Sources */,
			);
			runOnlyForDeploymentPostprocessing = 0;
		};
/* End PBXSourcesBuildPhase section */

/* Begin PBXTargetDependency section */
		11F3BA0528E2B31000799372 /* PBXTargetDependency */ = {
			isa = PBXTargetDependency;
			target = 11F3B9EC28E2B30C00799372 /* Browser */;
			targetProxy = 11F3BA0428E2B31000799372 /* PBXContainerItemProxy */;
		};
		11F3BA0F28E2B31100799372 /* PBXTargetDependency */ = {
			isa = PBXTargetDependency;
			target = 11F3B9EC28E2B30C00799372 /* Browser */;
			targetProxy = 11F3BA0E28E2B31100799372 /* PBXContainerItemProxy */;
		};
/* End PBXTargetDependency section */

/* Begin PBXVariantGroup section */
		11F3B9FB28E2B31000799372 /* LaunchScreen.storyboard */ = {
			isa = PBXVariantGroup;
			children = (
				11F3B9FC28E2B31000799372 /* Base */,
			);
			name = LaunchScreen.storyboard;
			sourceTree = "<group>";
		};
/* End PBXVariantGroup section */

/* Begin XCBuildConfiguration section */
		11F3BA1528E2B31100799372 /* Debug */ = {
			isa = XCBuildConfiguration;
			buildSettings = {
				ALWAYS_SEARCH_USER_PATHS = NO;
				CLANG_ANALYZER_NONNULL = YES;
				CLANG_ANALYZER_NUMBER_OBJECT_CONVERSION = YES_AGGRESSIVE;
				CLANG_CXX_LANGUAGE_STANDARD = "gnu++17";
				CLANG_ENABLE_MODULES = YES;
				CLANG_ENABLE_OBJC_ARC = YES;
				CLANG_ENABLE_OBJC_WEAK = YES;
				CLANG_WARN_BLOCK_CAPTURE_AUTORELEASING = YES;
				CLANG_WARN_BOOL_CONVERSION = YES;
				CLANG_WARN_COMMA = YES;
				CLANG_WARN_CONSTANT_CONVERSION = YES;
				CLANG_WARN_DEPRECATED_OBJC_IMPLEMENTATIONS = YES;
				CLANG_WARN_DIRECT_OBJC_ISA_USAGE = YES_ERROR;
				CLANG_WARN_DOCUMENTATION_COMMENTS = YES;
				CLANG_WARN_EMPTY_BODY = YES;
				CLANG_WARN_ENUM_CONVERSION = YES;
				CLANG_WARN_INFINITE_RECURSION = YES;
				CLANG_WARN_INT_CONVERSION = YES;
				CLANG_WARN_NON_LITERAL_NULL_CONVERSION = YES;
				CLANG_WARN_OBJC_IMPLICIT_RETAIN_SELF = YES;
				CLANG_WARN_OBJC_LITERAL_CONVERSION = YES;
				CLANG_WARN_OBJC_ROOT_CLASS = YES_ERROR;
				CLANG_WARN_QUOTED_INCLUDE_IN_FRAMEWORK_HEADER = YES;
				CLANG_WARN_RANGE_LOOP_ANALYSIS = YES;
				CLANG_WARN_STRICT_PROTOTYPES = YES;
				CLANG_WARN_SUSPICIOUS_MOVE = YES;
				CLANG_WARN_UNGUARDED_AVAILABILITY = YES_AGGRESSIVE;
				CLANG_WARN_UNREACHABLE_CODE = YES;
				CLANG_WARN__DUPLICATE_METHOD_MATCH = YES;
				COPY_PHASE_STRIP = NO;
				DEBUG_INFORMATION_FORMAT = dwarf;
				ENABLE_STRICT_OBJC_MSGSEND = YES;
				ENABLE_TESTABILITY = YES;
				GCC_C_LANGUAGE_STANDARD = gnu11;
				GCC_DYNAMIC_NO_PIC = NO;
				GCC_NO_COMMON_BLOCKS = YES;
				GCC_OPTIMIZATION_LEVEL = 0;
				GCC_PREPROCESSOR_DEFINITIONS = (
					"DEBUG=1",
					"$(inherited)",
				);
				GCC_WARN_64_TO_32_BIT_CONVERSION = YES;
				GCC_WARN_ABOUT_RETURN_TYPE = YES_ERROR;
				GCC_WARN_UNDECLARED_SELECTOR = YES;
				GCC_WARN_UNINITIALIZED_AUTOS = YES_AGGRESSIVE;
				GCC_WARN_UNUSED_FUNCTION = YES;
				GCC_WARN_UNUSED_VARIABLE = YES;
				IPHONEOS_DEPLOYMENT_TARGET = 13.0;
				MTL_ENABLE_DEBUG_INFO = INCLUDE_SOURCE;
				MTL_FAST_MATH = YES;
				ONLY_ACTIVE_ARCH = YES;
				SDKROOT = iphoneos;
				SWIFT_ACTIVE_COMPILATION_CONDITIONS = DEBUG;
				SWIFT_OPTIMIZATION_LEVEL = "-Onone";
			};
			name = Debug;
		};
		11F3BA1628E2B31100799372 /* Release */ = {
			isa = XCBuildConfiguration;
			buildSettings = {
				ALWAYS_SEARCH_USER_PATHS = NO;
				CLANG_ANALYZER_NONNULL = YES;
				CLANG_ANALYZER_NUMBER_OBJECT_CONVERSION = YES_AGGRESSIVE;
				CLANG_CXX_LANGUAGE_STANDARD = "gnu++17";
				CLANG_ENABLE_MODULES = YES;
				CLANG_ENABLE_OBJC_ARC = YES;
				CLANG_ENABLE_OBJC_WEAK = YES;
				CLANG_WARN_BLOCK_CAPTURE_AUTORELEASING = YES;
				CLANG_WARN_BOOL_CONVERSION = YES;
				CLANG_WARN_COMMA = YES;
				CLANG_WARN_CONSTANT_CONVERSION = YES;
				CLANG_WARN_DEPRECATED_OBJC_IMPLEMENTATIONS = YES;
				CLANG_WARN_DIRECT_OBJC_ISA_USAGE = YES_ERROR;
				CLANG_WARN_DOCUMENTATION_COMMENTS = YES;
				CLANG_WARN_EMPTY_BODY = YES;
				CLANG_WARN_ENUM_CONVERSION = YES;
				CLANG_WARN_INFINITE_RECURSION = YES;
				CLANG_WARN_INT_CONVERSION = YES;
				CLANG_WARN_NON_LITERAL_NULL_CONVERSION = YES;
				CLANG_WARN_OBJC_IMPLICIT_RETAIN_SELF = YES;
				CLANG_WARN_OBJC_LITERAL_CONVERSION = YES;
				CLANG_WARN_OBJC_ROOT_CLASS = YES_ERROR;
				CLANG_WARN_QUOTED_INCLUDE_IN_FRAMEWORK_HEADER = YES;
				CLANG_WARN_RANGE_LOOP_ANALYSIS = YES;
				CLANG_WARN_STRICT_PROTOTYPES = YES;
				CLANG_WARN_SUSPICIOUS_MOVE = YES;
				CLANG_WARN_UNGUARDED_AVAILABILITY = YES_AGGRESSIVE;
				CLANG_WARN_UNREACHABLE_CODE = YES;
				CLANG_WARN__DUPLICATE_METHOD_MATCH = YES;
				COPY_PHASE_STRIP = NO;
				DEBUG_INFORMATION_FORMAT = "dwarf-with-dsym";
				ENABLE_NS_ASSERTIONS = NO;
				ENABLE_STRICT_OBJC_MSGSEND = YES;
				GCC_C_LANGUAGE_STANDARD = gnu11;
				GCC_NO_COMMON_BLOCKS = YES;
				GCC_WARN_64_TO_32_BIT_CONVERSION = YES;
				GCC_WARN_ABOUT_RETURN_TYPE = YES_ERROR;
				GCC_WARN_UNDECLARED_SELECTOR = YES;
				GCC_WARN_UNINITIALIZED_AUTOS = YES_AGGRESSIVE;
				GCC_WARN_UNUSED_FUNCTION = YES;
				GCC_WARN_UNUSED_VARIABLE = YES;
				IPHONEOS_DEPLOYMENT_TARGET = 13.0;
				MTL_ENABLE_DEBUG_INFO = NO;
				MTL_FAST_MATH = YES;
				SDKROOT = iphoneos;
				SWIFT_COMPILATION_MODE = wholemodule;
				SWIFT_OPTIMIZATION_LEVEL = "-O";
				VALIDATE_PRODUCT = YES;
			};
			name = Release;
		};
		11F3BA1828E2B31100799372 /* Debug */ = {
			isa = XCBuildConfiguration;
			baseConfigurationReference = 7582A6A047652A71746B06C0 /* Pods-Browser.debug.xcconfig */;
			buildSettings = {
				ASSETCATALOG_COMPILER_APPICON_NAME = AppIcon;
				ASSETCATALOG_COMPILER_GLOBAL_ACCENT_COLOR_NAME = AccentColor;
				CODE_SIGN_STYLE = Automatic;
				CURRENT_PROJECT_VERSION = 1;
				DEVELOPMENT_TEAM = ND49LUG944;
				GENERATE_INFOPLIST_FILE = YES;
				INFOPLIST_FILE = Browser/Info.plist;
				INFOPLIST_KEY_UIApplicationSupportsIndirectInputEvents = YES;
				INFOPLIST_KEY_UILaunchStoryboardName = LaunchScreen;
				INFOPLIST_KEY_UISupportedInterfaceOrientations_iPad = "UIInterfaceOrientationPortrait UIInterfaceOrientationPortraitUpsideDown UIInterfaceOrientationLandscapeLeft UIInterfaceOrientationLandscapeRight";
				INFOPLIST_KEY_UISupportedInterfaceOrientations_iPhone = "UIInterfaceOrientationPortrait UIInterfaceOrientationLandscapeLeft UIInterfaceOrientationLandscapeRight";
				IPHONEOS_DEPLOYMENT_TARGET = 13.0;
				LD_RUNPATH_SEARCH_PATHS = (
					"$(inherited)",
					"@executable_path/Frameworks",
				);
				MARKETING_VERSION = 1.0;
				PRODUCT_BUNDLE_IDENTIFIER = com.oscar.Browser;
				PRODUCT_NAME = "$(TARGET_NAME)";
				SWIFT_EMIT_LOC_STRINGS = YES;
				SWIFT_VERSION = 5.0;
				TARGETED_DEVICE_FAMILY = "1,2";
			};
			name = Debug;
		};
		11F3BA1928E2B31100799372 /* Release */ = {
			isa = XCBuildConfiguration;
			baseConfigurationReference = 1A91C7E5F9ED8F3679E6E5E3 /* Pods-Browser.release.xcconfig */;
			buildSettings = {
				ASSETCATALOG_COMPILER_APPICON_NAME = AppIcon;
				ASSETCATALOG_COMPILER_GLOBAL_ACCENT_COLOR_NAME = AccentColor;
				CODE_SIGN_STYLE = Automatic;
				CURRENT_PROJECT_VERSION = 1;
				DEVELOPMENT_TEAM = ND49LUG944;
				GENERATE_INFOPLIST_FILE = YES;
				INFOPLIST_FILE = Browser/Info.plist;
				INFOPLIST_KEY_UIApplicationSupportsIndirectInputEvents = YES;
				INFOPLIST_KEY_UILaunchStoryboardName = LaunchScreen;
				INFOPLIST_KEY_UISupportedInterfaceOrientations_iPad = "UIInterfaceOrientationPortrait UIInterfaceOrientationPortraitUpsideDown UIInterfaceOrientationLandscapeLeft UIInterfaceOrientationLandscapeRight";
				INFOPLIST_KEY_UISupportedInterfaceOrientations_iPhone = "UIInterfaceOrientationPortrait UIInterfaceOrientationLandscapeLeft UIInterfaceOrientationLandscapeRight";
				IPHONEOS_DEPLOYMENT_TARGET = 13.0;
				LD_RUNPATH_SEARCH_PATHS = (
					"$(inherited)",
					"@executable_path/Frameworks",
				);
				MARKETING_VERSION = 1.0;
				PRODUCT_BUNDLE_IDENTIFIER = com.oscar.Browser;
				PRODUCT_NAME = "$(TARGET_NAME)";
				SWIFT_EMIT_LOC_STRINGS = YES;
				SWIFT_VERSION = 5.0;
				TARGETED_DEVICE_FAMILY = "1,2";
			};
			name = Release;
		};
		11F3BA1B28E2B31100799372 /* Debug */ = {
			isa = XCBuildConfiguration;
			baseConfigurationReference = F0A2EF7F6D43186CB286FA63 /* Pods-BrowserTests.debug.xcconfig */;
			buildSettings = {
				ALWAYS_EMBED_SWIFT_STANDARD_LIBRARIES = YES;
				BUNDLE_LOADER = "$(TEST_HOST)";
				CODE_SIGN_STYLE = Automatic;
				CURRENT_PROJECT_VERSION = 1;
				DEVELOPMENT_TEAM = ND49LUG944;
				GENERATE_INFOPLIST_FILE = YES;
				IPHONEOS_DEPLOYMENT_TARGET = 15.5;
				MARKETING_VERSION = 1.0;
				PRODUCT_BUNDLE_IDENTIFIER = com.oscar.BrowserTests;
				PRODUCT_NAME = "$(TARGET_NAME)";
				SWIFT_EMIT_LOC_STRINGS = NO;
				SWIFT_VERSION = 5.0;
				TARGETED_DEVICE_FAMILY = "1,2";
				TEST_HOST = "$(BUILT_PRODUCTS_DIR)/Browser.app/Browser";
			};
			name = Debug;
		};
		11F3BA1C28E2B31100799372 /* Release */ = {
			isa = XCBuildConfiguration;
			baseConfigurationReference = CC461A2FD48E6684A741384E /* Pods-BrowserTests.release.xcconfig */;
			buildSettings = {
				ALWAYS_EMBED_SWIFT_STANDARD_LIBRARIES = YES;
				BUNDLE_LOADER = "$(TEST_HOST)";
				CODE_SIGN_STYLE = Automatic;
				CURRENT_PROJECT_VERSION = 1;
				DEVELOPMENT_TEAM = ND49LUG944;
				GENERATE_INFOPLIST_FILE = YES;
				IPHONEOS_DEPLOYMENT_TARGET = 15.5;
				MARKETING_VERSION = 1.0;
				PRODUCT_BUNDLE_IDENTIFIER = com.oscar.BrowserTests;
				PRODUCT_NAME = "$(TARGET_NAME)";
				SWIFT_EMIT_LOC_STRINGS = NO;
				SWIFT_VERSION = 5.0;
				TARGETED_DEVICE_FAMILY = "1,2";
				TEST_HOST = "$(BUILT_PRODUCTS_DIR)/Browser.app/Browser";
			};
			name = Release;
		};
		11F3BA1E28E2B31100799372 /* Debug */ = {
			isa = XCBuildConfiguration;
			baseConfigurationReference = 018792A5A70C3A9D04C03615 /* Pods-Browser-BrowserUITests.debug.xcconfig */;
			buildSettings = {
				ALWAYS_EMBED_SWIFT_STANDARD_LIBRARIES = YES;
				CODE_SIGN_STYLE = Automatic;
				CURRENT_PROJECT_VERSION = 1;
				DEVELOPMENT_TEAM = ND49LUG944;
				GENERATE_INFOPLIST_FILE = YES;
				MARKETING_VERSION = 1.0;
				PRODUCT_BUNDLE_IDENTIFIER = com.oscar.BrowserUITests;
				PRODUCT_NAME = "$(TARGET_NAME)";
				SWIFT_EMIT_LOC_STRINGS = NO;
				SWIFT_VERSION = 5.0;
				TARGETED_DEVICE_FAMILY = "1,2";
				TEST_TARGET_NAME = Browser;
			};
			name = Debug;
		};
		11F3BA1F28E2B31100799372 /* Release */ = {
			isa = XCBuildConfiguration;
			baseConfigurationReference = 6070F6313FD9927EA8903DBA /* Pods-Browser-BrowserUITests.release.xcconfig */;
			buildSettings = {
				ALWAYS_EMBED_SWIFT_STANDARD_LIBRARIES = YES;
				CODE_SIGN_STYLE = Automatic;
				CURRENT_PROJECT_VERSION = 1;
				DEVELOPMENT_TEAM = ND49LUG944;
				GENERATE_INFOPLIST_FILE = YES;
				MARKETING_VERSION = 1.0;
				PRODUCT_BUNDLE_IDENTIFIER = com.oscar.BrowserUITests;
				PRODUCT_NAME = "$(TARGET_NAME)";
				SWIFT_EMIT_LOC_STRINGS = NO;
				SWIFT_VERSION = 5.0;
				TARGETED_DEVICE_FAMILY = "1,2";
				TEST_TARGET_NAME = Browser;
			};
			name = Release;
		};
/* End XCBuildConfiguration section */

/* Begin XCConfigurationList section */
		11F3B9E828E2B30C00799372 /* Build configuration list for PBXProject "Browser" */ = {
			isa = XCConfigurationList;
			buildConfigurations = (
				11F3BA1528E2B31100799372 /* Debug */,
				11F3BA1628E2B31100799372 /* Release */,
			);
			defaultConfigurationIsVisible = 0;
			defaultConfigurationName = Release;
		};
		11F3BA1728E2B31100799372 /* Build configuration list for PBXNativeTarget "Browser" */ = {
			isa = XCConfigurationList;
			buildConfigurations = (
				11F3BA1828E2B31100799372 /* Debug */,
				11F3BA1928E2B31100799372 /* Release */,
			);
			defaultConfigurationIsVisible = 0;
			defaultConfigurationName = Release;
		};
		11F3BA1A28E2B31100799372 /* Build configuration list for PBXNativeTarget "BrowserTests" */ = {
			isa = XCConfigurationList;
			buildConfigurations = (
				11F3BA1B28E2B31100799372 /* Debug */,
				11F3BA1C28E2B31100799372 /* Release */,
			);
			defaultConfigurationIsVisible = 0;
			defaultConfigurationName = Release;
		};
		11F3BA1D28E2B31100799372 /* Build configuration list for PBXNativeTarget "BrowserUITests" */ = {
			isa = XCConfigurationList;
			buildConfigurations = (
				11F3BA1E28E2B31100799372 /* Debug */,
				11F3BA1F28E2B31100799372 /* Release */,
			);
			defaultConfigurationIsVisible = 0;
			defaultConfigurationName = Release;
		};
/* End XCConfigurationList section */
	};
	rootObject = 11F3B9E528E2B30C00799372 /* Project object */;
}
